
Microsoft Visual Studio Solution File, Format Version 12.00
# Visual Studio Version 17
VisualStudioVersion = 17.0.31903.59
MinimumVisualStudioVersion = 10.0.40219.1
Project("{2150E333-8FDC-42A3-9474-1A3956D46DE8}") = "src", "src", "{827E0CD3-B72D-47B6-A68D-7590B98EB39B}"
EndProject
Project("{2150E333-8FDC-42A3-9474-1A3956D46DE8}") = "02.Domain", "02.Domain", "{7757B762-058D-DE25-69FE-0EE28D12EA91}"
EndProject
Project("{FAE04EC0-301F-11D3-BF4B-00C04F79EFBC}") = "SIASUN.RCS.Domain.Shared", "src\02.Domain\SIASUN.RCS.Domain.Shared\SIASUN.RCS.Domain.Shared.csproj", "{1C1AC135-9E9D-4B16-B222-A96C8FDE70E1}"
EndProject
Project("{FAE04EC0-301F-11D3-BF4B-00C04F79EFBC}") = "SIASUN.RCS.Domain", "src\02.Domain\SIASUN.RCS.Domain\SIASUN.RCS.Domain.csproj", "{08DD1326-A1B0-4148-9F01-D57F952D17C0}"
EndProject
Project("{2150E333-8FDC-42A3-9474-1A3956D46DE8}") = "03.Application", "03.Application", "{AEEE6515-79FF-863D-60C4-50ABC436EAB5}"
EndProject
Project("{FAE04EC0-301F-11D3-BF4B-00C04F79EFBC}") = "SIASUN.RCS.Application.Contracts", "src\03.Application\SIASUN.RCS.Application.Contracts\SIASUN.RCS.Application.Contracts.csproj", "{05A1513F-8C28-47B1-94BB-FD69FBEE9C90}"
EndProject
Project("{FAE04EC0-301F-11D3-BF4B-00C04F79EFBC}") = "SIASUN.RCS.Application", "src\03.Application\SIASUN.RCS.Application\SIASUN.RCS.Application.csproj", "{5DBFC661-AA4A-4BA3-B69A-A269030ED5FD}"
EndProject
Project("{2150E333-8FDC-42A3-9474-1A3956D46DE8}") = "05.Infrastructure", "05.Infrastructure", "{DF1B13BC-E0E0-CA68-9E0A-BA490D8CF391}"
EndProject
Project("{FAE04EC0-301F-11D3-BF4B-00C04F79EFBC}") = "SIASUN.RCS.EntityFrameworkCore", "src\05.Infrastructure\SIASUN.RCS.EntityFrameworkCore\SIASUN.RCS.EntityFrameworkCore.csproj", "{448BABBF-D844-43B7-9521-CCBEA65B0C5D}"
EndProject
Project("{2150E333-8FDC-42A3-9474-1A3956D46DE8}") = "06.Hosting", "06.Hosting", "{C9012D94-44DE-5CD9-6BCF-3A989C6AA22B}"
EndProject
Project("{FAE04EC0-301F-11D3-BF4B-00C04F79EFBC}") = "SIASUN.RCS.HttpApi", "src\06.Hosting\SIASUN.RCS.HttpApi\SIASUN.RCS.HttpApi.csproj", "{10C385C8-237A-4722-9DCC-90973786BEF3}"
EndProject
Project("{FAE04EC0-301F-11D3-BF4B-00C04F79EFBC}") = "SIASUN.RCS.HttpApi.Client", "src\06.Hosting\SIASUN.RCS.HttpApi.Client\SIASUN.RCS.HttpApi.Client.csproj", "{D49B1173-8B59-46C4-ABA0-3D6BEBC4E4B0}"
EndProject
Project("{FAE04EC0-301F-11D3-BF4B-00C04F79EFBC}") = "SIASUN.RCS.HttpApi.Host", "src\06.Hosting\SIASUN.RCS.HttpApi.Host\SIASUN.RCS.HttpApi.Host.csproj", "{7FB2FF21-D2BD-4A45-A556-95956244EF78}"
EndProject
Project("{FAE04EC0-301F-11D3-BF4B-00C04F79EFBC}") = "SIASUN.RCS.DbMigrator", "src\06.Hosting\SIASUN.RCS.DbMigrator\SIASUN.RCS.DbMigrator.csproj", "{3749DB26-60B4-4D3F-95A2-80FA94B9ABF6}"
EndProject
Project("{2150E333-8FDC-42A3-9474-1A3956D46DE8}") = "test", "test", "{0C88DD14-F956-CE84-757C-A364CCF449FC}"
EndProject
Project("{FAE04EC0-301F-11D3-BF4B-00C04F79EFBC}") = "SIASUN.RCS.Application.Tests", "test\SIASUN.RCS.Application.Tests\SIASUN.RCS.Application.Tests.csproj", "{E012DA89-6C15-4CDA-9E78-58D693C4490B}"
EndProject
Project("{FAE04EC0-301F-11D3-BF4B-00C04F79EFBC}") = "SIASUN.RCS.Domain.Tests", "test\SIASUN.RCS.Domain.Tests\SIASUN.RCS.Domain.Tests.csproj", "{58D44EFD-2113-4C9A-9F29-2801CEA232E1}"
EndProject
Project("{FAE04EC0-301F-11D3-BF4B-00C04F79EFBC}") = "SIASUN.RCS.TestBase", "test\SIASUN.RCS.TestBase\SIASUN.RCS.TestBase.csproj", "{DB3C7623-7C34-4B71-A66D-46A3B7382C8E}"
EndProject
Project("{FAE04EC0-301F-11D3-BF4B-00C04F79EFBC}") = "SIASUN.RCS.EntityFrameworkCore.Tests", "test\SIASUN.RCS.EntityFrameworkCore.Tests\SIASUN.RCS.EntityFrameworkCore.Tests.csproj", "{C7B97E52-D44F-4980-B695-A8C2C0EFE4F8}"
EndProject
Project("{FAE04EC0-301F-11D3-BF4B-00C04F79EFBC}") = "SIASUN.RCS.HttpApi.Client.ConsoleTestApp", "test\SIASUN.RCS.HttpApi.Client.ConsoleTestApp\SIASUN.RCS.HttpApi.Client.ConsoleTestApp.csproj", "{8AB15BC8-2D23-40EC-86D7-54D12AB13157}"
EndProject
Global
	GlobalSection(SolutionConfigurationPlatforms) = preSolution
		Debug|Any CPU = Debug|Any CPU
		Debug|x64 = Debug|x64
		Debug|x86 = Debug|x86
		Release|Any CPU = Release|Any CPU
		Release|x64 = Release|x64
		Release|x86 = Release|x86
	EndGlobalSection
	GlobalSection(ProjectConfigurationPlatforms) = postSolution
		{1C1AC135-9E9D-4B16-B222-A96C8FDE70E1}.Debug|Any CPU.ActiveCfg = Debug|Any CPU
		{1C1AC135-9E9D-4B16-B222-A96C8FDE70E1}.Debug|Any CPU.Build.0 = Debug|Any CPU
		{1C1AC135-9E9D-4B16-B222-A96C8FDE70E1}.Debug|x64.ActiveCfg = Debug|Any CPU
		{1C1AC135-9E9D-4B16-B222-A96C8FDE70E1}.Debug|x64.Build.0 = Debug|Any CPU
		{1C1AC135-9E9D-4B16-B222-A96C8FDE70E1}.Debug|x86.ActiveCfg = Debug|Any CPU
		{1C1AC135-9E9D-4B16-B222-A96C8FDE70E1}.Debug|x86.Build.0 = Debug|Any CPU
		{1C1AC135-9E9D-4B16-B222-A96C8FDE70E1}.Release|Any CPU.ActiveCfg = Release|Any CPU
		{1C1AC135-9E9D-4B16-B222-A96C8FDE70E1}.Release|Any CPU.Build.0 = Release|Any CPU
		{1C1AC135-9E9D-4B16-B222-A96C8FDE70E1}.Release|x64.ActiveCfg = Release|Any CPU
		{1C1AC135-9E9D-4B16-B222-A96C8FDE70E1}.Release|x64.Build.0 = Release|Any CPU
		{1C1AC135-9E9D-4B16-B222-A96C8FDE70E1}.Release|x86.ActiveCfg = Release|Any CPU
		{1C1AC135-9E9D-4B16-B222-A96C8FDE70E1}.Release|x86.Build.0 = Release|Any CPU
		{08DD1326-A1B0-4148-9F01-D57F952D17C0}.Debug|Any CPU.ActiveCfg = Debug|Any CPU
		{08DD1326-A1B0-4148-9F01-D57F952D17C0}.Debug|Any CPU.Build.0 = Debug|Any CPU
		{08DD1326-A1B0-4148-9F01-D57F952D17C0}.Debug|x64.ActiveCfg = Debug|Any CPU
		{08DD1326-A1B0-4148-9F01-D57F952D17C0}.Debug|x64.Build.0 = Debug|Any CPU
		{08DD1326-A1B0-4148-9F01-D57F952D17C0}.Debug|x86.ActiveCfg = Debug|Any CPU
		{08DD1326-A1B0-4148-9F01-D57F952D17C0}.Debug|x86.Build.0 = Debug|Any CPU
		{08DD1326-A1B0-4148-9F01-D57F952D17C0}.Release|Any CPU.ActiveCfg = Release|Any CPU
		{08DD1326-A1B0-4148-9F01-D57F952D17C0}.Release|Any CPU.Build.0 = Release|Any CPU
		{08DD1326-A1B0-4148-9F01-D57F952D17C0}.Release|x64.ActiveCfg = Release|Any CPU
		{08DD1326-A1B0-4148-9F01-D57F952D17C0}.Release|x64.Build.0 = Release|Any CPU
		{08DD1326-A1B0-4148-9F01-D57F952D17C0}.Release|x86.ActiveCfg = Release|Any CPU
		{08DD1326-A1B0-4148-9F01-D57F952D17C0}.Release|x86.Build.0 = Release|Any CPU
		{05A1513F-8C28-47B1-94BB-FD69FBEE9C90}.Debug|Any CPU.ActiveCfg = Debug|Any CPU
		{05A1513F-8C28-47B1-94BB-FD69FBEE9C90}.Debug|Any CPU.Build.0 = Debug|Any CPU
		{05A1513F-8C28-47B1-94BB-FD69FBEE9C90}.Debug|x64.ActiveCfg = Debug|Any CPU
		{05A1513F-8C28-47B1-94BB-FD69FBEE9C90}.Debug|x64.Build.0 = Debug|Any CPU
		{05A1513F-8C28-47B1-94BB-FD69FBEE9C90}.Debug|x86.ActiveCfg = Debug|Any CPU
		{05A1513F-8C28-47B1-94BB-FD69FBEE9C90}.Debug|x86.Build.0 = Debug|Any CPU
		{05A1513F-8C28-47B1-94BB-FD69FBEE9C90}.Release|Any CPU.ActiveCfg = Release|Any CPU
		{05A1513F-8C28-47B1-94BB-FD69FBEE9C90}.Release|Any CPU.Build.0 = Release|Any CPU
		{05A1513F-8C28-47B1-94BB-FD69FBEE9C90}.Release|x64.ActiveCfg = Release|Any CPU
		{05A1513F-8C28-47B1-94BB-FD69FBEE9C90}.Release|x64.Build.0 = Release|Any CPU
		{05A1513F-8C28-47B1-94BB-FD69FBEE9C90}.Release|x86.ActiveCfg = Release|Any CPU
		{05A1513F-8C28-47B1-94BB-FD69FBEE9C90}.Release|x86.Build.0 = Release|Any CPU
		{5DBFC661-AA4A-4BA3-B69A-A269030ED5FD}.Debug|Any CPU.ActiveCfg = Debug|Any CPU
		{5DBFC661-AA4A-4BA3-B69A-A269030ED5FD}.Debug|Any CPU.Build.0 = Debug|Any CPU
		{5DBFC661-AA4A-4BA3-B69A-A269030ED5FD}.Debug|x64.ActiveCfg = Debug|Any CPU
		{5DBFC661-AA4A-4BA3-B69A-A269030ED5FD}.Debug|x64.Build.0 = Debug|Any CPU
		{5DBFC661-AA4A-4BA3-B69A-A269030ED5FD}.Debug|x86.ActiveCfg = Debug|Any CPU
		{5DBFC661-AA4A-4BA3-B69A-A269030ED5FD}.Debug|x86.Build.0 = Debug|Any CPU
		{5DBFC661-AA4A-4BA3-B69A-A269030ED5FD}.Release|Any CPU.ActiveCfg = Release|Any CPU
		{5DBFC661-AA4A-4BA3-B69A-A269030ED5FD}.Release|Any CPU.Build.0 = Release|Any CPU
		{5DBFC661-AA4A-4BA3-B69A-A269030ED5FD}.Release|x64.ActiveCfg = Release|Any CPU
		{5DBFC661-AA4A-4BA3-B69A-A269030ED5FD}.Release|x64.Build.0 = Release|Any CPU
		{5DBFC661-AA4A-4BA3-B69A-A269030ED5FD}.Release|x86.ActiveCfg = Release|Any CPU
		{5DBFC661-AA4A-4BA3-B69A-A269030ED5FD}.Release|x86.Build.0 = Release|Any CPU
		{448BABBF-D844-43B7-9521-CCBEA65B0C5D}.Debug|Any CPU.ActiveCfg = Debug|Any CPU
		{448BABBF-D844-43B7-9521-CCBEA65B0C5D}.Debug|Any CPU.Build.0 = Debug|Any CPU
		{448BABBF-D844-43B7-9521-CCBEA65B0C5D}.Debug|x64.ActiveCfg = Debug|Any CPU
		{448BABBF-D844-43B7-9521-CCBEA65B0C5D}.Debug|x64.Build.0 = Debug|Any CPU
		{448BABBF-D844-43B7-9521-CCBEA65B0C5D}.Debug|x86.ActiveCfg = Debug|Any CPU
		{448BABBF-D844-43B7-9521-CCBEA65B0C5D}.Debug|x86.Build.0 = Debug|Any CPU
		{448BABBF-D844-43B7-9521-CCBEA65B0C5D}.Release|Any CPU.ActiveCfg = Release|Any CPU
		{448BABBF-D844-43B7-9521-CCBEA65B0C5D}.Release|Any CPU.Build.0 = Release|Any CPU
		{448BABBF-D844-43B7-9521-CCBEA65B0C5D}.Release|x64.ActiveCfg = Release|Any CPU
		{448BABBF-D844-43B7-9521-CCBEA65B0C5D}.Release|x64.Build.0 = Release|Any CPU
		{448BABBF-D844-43B7-9521-CCBEA65B0C5D}.Release|x86.ActiveCfg = Release|Any CPU
		{448BABBF-D844-43B7-9521-CCBEA65B0C5D}.Release|x86.Build.0 = Release|Any CPU
		{10C385C8-237A-4722-9DCC-90973786BEF3}.Debug|Any CPU.ActiveCfg = Debug|Any CPU
		{10C385C8-237A-4722-9DCC-90973786BEF3}.Debug|Any CPU.Build.0 = Debug|Any CPU
		{10C385C8-237A-4722-9DCC-90973786BEF3}.Debug|x64.ActiveCfg = Debug|Any CPU
		{10C385C8-237A-4722-9DCC-90973786BEF3}.Debug|x64.Build.0 = Debug|Any CPU
		{10C385C8-237A-4722-9DCC-90973786BEF3}.Debug|x86.ActiveCfg = Debug|Any CPU
		{10C385C8-237A-4722-9DCC-90973786BEF3}.Debug|x86.Build.0 = Debug|Any CPU
		{10C385C8-237A-4722-9DCC-90973786BEF3}.Release|Any CPU.ActiveCfg = Release|Any CPU
		{10C385C8-237A-4722-9DCC-90973786BEF3}.Release|Any CPU.Build.0 = Release|Any CPU
		{10C385C8-237A-4722-9DCC-90973786BEF3}.Release|x64.ActiveCfg = Release|Any CPU
		{10C385C8-237A-4722-9DCC-90973786BEF3}.Release|x64.Build.0 = Release|Any CPU
		{10C385C8-237A-4722-9DCC-90973786BEF3}.Release|x86.ActiveCfg = Release|Any CPU
		{10C385C8-237A-4722-9DCC-90973786BEF3}.Release|x86.Build.0 = Release|Any CPU
		{D49B1173-8B59-46C4-ABA0-3D6BEBC4E4B0}.Debug|Any CPU.ActiveCfg = Debug|Any CPU
		{D49B1173-8B59-46C4-ABA0-3D6BEBC4E4B0}.Debug|Any CPU.Build.0 = Debug|Any CPU
		{D49B1173-8B59-46C4-ABA0-3D6BEBC4E4B0}.Debug|x64.ActiveCfg = Debug|Any CPU
		{D49B1173-8B59-46C4-ABA0-3D6BEBC4E4B0}.Debug|x64.Build.0 = Debug|Any CPU
		{D49B1173-8B59-46C4-ABA0-3D6BEBC4E4B0}.Debug|x86.ActiveCfg = Debug|Any CPU
		{D49B1173-8B59-46C4-ABA0-3D6BEBC4E4B0}.Debug|x86.Build.0 = Debug|Any CPU
		{D49B1173-8B59-46C4-ABA0-3D6BEBC4E4B0}.Release|Any CPU.ActiveCfg = Release|Any CPU
		{D49B1173-8B59-46C4-ABA0-3D6BEBC4E4B0}.Release|Any CPU.Build.0 = Release|Any CPU
		{D49B1173-8B59-46C4-ABA0-3D6BEBC4E4B0}.Release|x64.ActiveCfg = Release|Any CPU
		{D49B1173-8B59-46C4-ABA0-3D6BEBC4E4B0}.Release|x64.Build.0 = Release|Any CPU
		{D49B1173-8B59-46C4-ABA0-3D6BEBC4E4B0}.Release|x86.ActiveCfg = Release|Any CPU
		{D49B1173-8B59-46C4-ABA0-3D6BEBC4E4B0}.Release|x86.Build.0 = Release|Any CPU
		{7FB2FF21-D2BD-4A45-A556-95956244EF78}.Debug|Any CPU.ActiveCfg = Debug|Any CPU
		{7FB2FF21-D2BD-4A45-A556-95956244EF78}.Debug|Any CPU.Build.0 = Debug|Any CPU
		{7FB2FF21-D2BD-4A45-A556-95956244EF78}.Debug|x64.ActiveCfg = Debug|Any CPU
		{7FB2FF21-D2BD-4A45-A556-95956244EF78}.Debug|x64.Build.0 = Debug|Any CPU
		{7FB2FF21-D2BD-4A45-A556-95956244EF78}.Debug|x86.ActiveCfg = Debug|Any CPU
		{7FB2FF21-D2BD-4A45-A556-95956244EF78}.Debug|x86.Build.0 = Debug|Any CPU
		{7FB2FF21-D2BD-4A45-A556-95956244EF78}.Release|Any CPU.ActiveCfg = Release|Any CPU
		{7FB2FF21-D2BD-4A45-A556-95956244EF78}.Release|Any CPU.Build.0 = Release|Any CPU
		{7FB2FF21-D2BD-4A45-A556-95956244EF78}.Release|x64.ActiveCfg = Release|Any CPU
		{7FB2FF21-D2BD-4A45-A556-95956244EF78}.Release|x64.Build.0 = Release|Any CPU
		{7FB2FF21-D2BD-4A45-A556-95956244EF78}.Release|x86.ActiveCfg = Release|Any CPU
		{7FB2FF21-D2BD-4A45-A556-95956244EF78}.Release|x86.Build.0 = Release|Any CPU
		{3749DB26-60B4-4D3F-95A2-80FA94B9ABF6}.Debug|Any CPU.ActiveCfg = Debug|Any CPU
		{3749DB26-60B4-4D3F-95A2-80FA94B9ABF6}.Debug|Any CPU.Build.0 = Debug|Any CPU
		{3749DB26-60B4-4D3F-95A2-80FA94B9ABF6}.Debug|x64.ActiveCfg = Debug|Any CPU
		{3749DB26-60B4-4D3F-95A2-80FA94B9ABF6}.Debug|x64.Build.0 = Debug|Any CPU
		{3749DB26-60B4-4D3F-95A2-80FA94B9ABF6}.Debug|x86.ActiveCfg = Debug|Any CPU
		{3749DB26-60B4-4D3F-95A2-80FA94B9ABF6}.Debug|x86.Build.0 = Debug|Any CPU
		{3749DB26-60B4-4D3F-95A2-80FA94B9ABF6}.Release|Any CPU.ActiveCfg = Release|Any CPU
		{3749DB26-60B4-4D3F-95A2-80FA94B9ABF6}.Release|Any CPU.Build.0 = Release|Any CPU
		{3749DB26-60B4-4D3F-95A2-80FA94B9ABF6}.Release|x64.ActiveCfg = Release|Any CPU
		{3749DB26-60B4-4D3F-95A2-80FA94B9ABF6}.Release|x64.Build.0 = Release|Any CPU
		{3749DB26-60B4-4D3F-95A2-80FA94B9ABF6}.Release|x86.ActiveCfg = Release|Any CPU
		{3749DB26-60B4-4D3F-95A2-80FA94B9ABF6}.Release|x86.Build.0 = Release|Any CPU
		{E012DA89-6C15-4CDA-9E78-58D693C4490B}.Debug|Any CPU.ActiveCfg = Debug|Any CPU
		{E012DA89-6C15-4CDA-9E78-58D693C4490B}.Debug|Any CPU.Build.0 = Debug|Any CPU
		{E012DA89-6C15-4CDA-9E78-58D693C4490B}.Debug|x64.ActiveCfg = Debug|Any CPU
		{E012DA89-6C15-4CDA-9E78-58D693C4490B}.Debug|x64.Build.0 = Debug|Any CPU
		{E012DA89-6C15-4CDA-9E78-58D693C4490B}.Debug|x86.ActiveCfg = Debug|Any CPU
		{E012DA89-6C15-4CDA-9E78-58D693C4490B}.Debug|x86.Build.0 = Debug|Any CPU
		{E012DA89-6C15-4CDA-9E78-58D693C4490B}.Release|Any CPU.ActiveCfg = Release|Any CPU
		{E012DA89-6C15-4CDA-9E78-58D693C4490B}.Release|Any CPU.Build.0 = Release|Any CPU
		{E012DA89-6C15-4CDA-9E78-58D693C4490B}.Release|x64.ActiveCfg = Release|Any CPU
		{E012DA89-6C15-4CDA-9E78-58D693C4490B}.Release|x64.Build.0 = Release|Any CPU
		{E012DA89-6C15-4CDA-9E78-58D693C4490B}.Release|x86.ActiveCfg = Release|Any CPU
		{E012DA89-6C15-4CDA-9E78-58D693C4490B}.Release|x86.Build.0 = Release|Any CPU
		{58D44EFD-2113-4C9A-9F29-2801CEA232E1}.Debug|Any CPU.ActiveCfg = Debug|Any CPU
		{58D44EFD-2113-4C9A-9F29-2801CEA232E1}.Debug|Any CPU.Build.0 = Debug|Any CPU
		{58D44EFD-2113-4C9A-9F29-2801CEA232E1}.Debug|x64.ActiveCfg = Debug|Any CPU
		{58D44EFD-2113-4C9A-9F29-2801CEA232E1}.Debug|x64.Build.0 = Debug|Any CPU
		{58D44EFD-2113-4C9A-9F29-2801CEA232E1}.Debug|x86.ActiveCfg = Debug|Any CPU
		{58D44EFD-2113-4C9A-9F29-2801CEA232E1}.Debug|x86.Build.0 = Debug|Any CPU
		{58D44EFD-2113-4C9A-9F29-2801CEA232E1}.Release|Any CPU.ActiveCfg = Release|Any CPU
		{58D44EFD-2113-4C9A-9F29-2801CEA232E1}.Release|Any CPU.Build.0 = Release|Any CPU
		{58D44EFD-2113-4C9A-9F29-2801CEA232E1}.Release|x64.ActiveCfg = Release|Any CPU
		{58D44EFD-2113-4C9A-9F29-2801CEA232E1}.Release|x64.Build.0 = Release|Any CPU
		{58D44EFD-2113-4C9A-9F29-2801CEA232E1}.Release|x86.ActiveCfg = Release|Any CPU
		{58D44EFD-2113-4C9A-9F29-2801CEA232E1}.Release|x86.Build.0 = Release|Any CPU
		{DB3C7623-7C34-4B71-A66D-46A3B7382C8E}.Debug|Any CPU.ActiveCfg = Debug|Any CPU
		{DB3C7623-7C34-4B71-A66D-46A3B7382C8E}.Debug|Any CPU.Build.0 = Debug|Any CPU
		{DB3C7623-7C34-4B71-A66D-46A3B7382C8E}.Debug|x64.ActiveCfg = Debug|Any CPU
		{DB3C7623-7C34-4B71-A66D-46A3B7382C8E}.Debug|x64.Build.0 = Debug|Any CPU
		{DB3C7623-7C34-4B71-A66D-46A3B7382C8E}.Debug|x86.ActiveCfg = Debug|Any CPU
		{DB3C7623-7C34-4B71-A66D-46A3B7382C8E}.Debug|x86.Build.0 = Debug|Any CPU
		{DB3C7623-7C34-4B71-A66D-46A3B7382C8E}.Release|Any CPU.ActiveCfg = Release|Any CPU
		{DB3C7623-7C34-4B71-A66D-46A3B7382C8E}.Release|Any CPU.Build.0 = Release|Any CPU
		{DB3C7623-7C34-4B71-A66D-46A3B7382C8E}.Release|x64.ActiveCfg = Release|Any CPU
		{DB3C7623-7C34-4B71-A66D-46A3B7382C8E}.Release|x64.Build.0 = Release|Any CPU
		{DB3C7623-7C34-4B71-A66D-46A3B7382C8E}.Release|x86.ActiveCfg = Release|Any CPU
		{DB3C7623-7C34-4B71-A66D-46A3B7382C8E}.Release|x86.Build.0 = Release|Any CPU
		{C7B97E52-D44F-4980-B695-A8C2C0EFE4F8}.Debug|Any CPU.ActiveCfg = Debug|Any CPU
		{C7B97E52-D44F-4980-B695-A8C2C0EFE4F8}.Debug|Any CPU.Build.0 = Debug|Any CPU
		{C7B97E52-D44F-4980-B695-A8C2C0EFE4F8}.Debug|x64.ActiveCfg = Debug|Any CPU
		{C7B97E52-D44F-4980-B695-A8C2C0EFE4F8}.Debug|x64.Build.0 = Debug|Any CPU
		{C7B97E52-D44F-4980-B695-A8C2C0EFE4F8}.Debug|x86.ActiveCfg = Debug|Any CPU
		{C7B97E52-D44F-4980-B695-A8C2C0EFE4F8}.Debug|x86.Build.0 = Debug|Any CPU
		{C7B97E52-D44F-4980-B695-A8C2C0EFE4F8}.Release|Any CPU.ActiveCfg = Release|Any CPU
		{C7B97E52-D44F-4980-B695-A8C2C0EFE4F8}.Release|Any CPU.Build.0 = Release|Any CPU
		{C7B97E52-D44F-4980-B695-A8C2C0EFE4F8}.Release|x64.ActiveCfg = Release|Any CPU
		{C7B97E52-D44F-4980-B695-A8C2C0EFE4F8}.Release|x64.Build.0 = Release|Any CPU
		{C7B97E52-D44F-4980-B695-A8C2C0EFE4F8}.Release|x86.ActiveCfg = Release|Any CPU
		{C7B97E52-D44F-4980-B695-A8C2C0EFE4F8}.Release|x86.Build.0 = Release|Any CPU
		{8AB15BC8-2D23-40EC-86D7-54D12AB13157}.Debug|Any CPU.ActiveCfg = Debug|Any CPU
		{8AB15BC8-2D23-40EC-86D7-54D12AB13157}.Debug|Any CPU.Build.0 = Debug|Any CPU
		{8AB15BC8-2D23-40EC-86D7-54D12AB13157}.Debug|x64.ActiveCfg = Debug|Any CPU
		{8AB15BC8-2D23-40EC-86D7-54D12AB13157}.Debug|x64.Build.0 = Debug|Any CPU
		{8AB15BC8-2D23-40EC-86D7-54D12AB13157}.Debug|x86.ActiveCfg = Debug|Any CPU
		{8AB15BC8-2D23-40EC-86D7-54D12AB13157}.Debug|x86.Build.0 = Debug|Any CPU
		{8AB15BC8-2D23-40EC-86D7-54D12AB13157}.Release|Any CPU.ActiveCfg = Release|Any CPU
		{8AB15BC8-2D23-40EC-86D7-54D12AB13157}.Release|Any CPU.Build.0 = Release|Any CPU
		{8AB15BC8-2D23-40EC-86D7-54D12AB13157}.Release|x64.ActiveCfg = Release|Any CPU
		{8AB15BC8-2D23-40EC-86D7-54D12AB13157}.Release|x64.Build.0 = Release|Any CPU
		{8AB15BC8-2D23-40EC-86D7-54D12AB13157}.Release|x86.ActiveCfg = Release|Any CPU
		{8AB15BC8-2D23-40EC-86D7-54D12AB13157}.Release|x86.Build.0 = Release|Any CPU
	EndGlobalSection
	GlobalSection(SolutionProperties) = preSolution
		HideSolutionNode = FALSE
	EndGlobalSection
	GlobalSection(NestedProjects) = preSolution
		{7757B762-058D-DE25-69FE-0EE28D12EA91} = {827E0CD3-B72D-47B6-A68D-7590B98EB39B}
		{1C1AC135-9E9D-4B16-B222-A96C8FDE70E1} = {7757B762-058D-DE25-69FE-0EE28D12EA91}
		{08DD1326-A1B0-4148-9F01-D57F952D17C0} = {7757B762-058D-DE25-69FE-0EE28D12EA91}
		{AEEE6515-79FF-863D-60C4-50ABC436EAB5} = {827E0CD3-B72D-47B6-A68D-7590B98EB39B}
		{05A1513F-8C28-47B1-94BB-FD69FBEE9C90} = {AEEE6515-79FF-863D-60C4-50ABC436EAB5}
		{5DBFC661-AA4A-4BA3-B69A-A269030ED5FD} = {AEEE6515-79FF-863D-60C4-50ABC436EAB5}
		{DF1B13BC-E0E0-CA68-9E0A-BA490D8CF391} = {827E0CD3-B72D-47B6-A68D-7590B98EB39B}
		{448BABBF-D844-43B7-9521-CCBEA65B0C5D} = {DF1B13BC-E0E0-CA68-9E0A-BA490D8CF391}
		{C9012D94-44DE-5CD9-6BCF-3A989C6AA22B} = {827E0CD3-B72D-47B6-A68D-7590B98EB39B}
		{10C385C8-237A-4722-9DCC-90973786BEF3} = {C9012D94-44DE-5CD9-6BCF-3A989C6AA22B}
		{D49B1173-8B59-46C4-ABA0-3D6BEBC4E4B0} = {C9012D94-44DE-5CD9-6BCF-3A989C6AA22B}
		{7FB2FF21-D2BD-4A45-A556-95956244EF78} = {C9012D94-44DE-5CD9-6BCF-3A989C6AA22B}
		{3749DB26-60B4-4D3F-95A2-80FA94B9ABF6} = {C9012D94-44DE-5CD9-6BCF-3A989C6AA22B}
		{E012DA89-6C15-4CDA-9E78-58D693C4490B} = {0C88DD14-F956-CE84-757C-A364CCF449FC}
		{58D44EFD-2113-4C9A-9F29-2801CEA232E1} = {0C88DD14-F956-CE84-757C-A364CCF449FC}
		{DB3C7623-7C34-4B71-A66D-46A3B7382C8E} = {0C88DD14-F956-CE84-757C-A364CCF449FC}
		{C7B97E52-D44F-4980-B695-A8C2C0EFE4F8} = {0C88DD14-F956-CE84-757C-A364CCF449FC}
		{8AB15BC8-2D23-40EC-86D7-54D12AB13157} = {0C88DD14-F956-CE84-757C-A364CCF449FC}
	EndGlobalSection
EndGlobal
